
Microsoft Visual Studio Solution File, Format Version 12.00
# Visual Studio Version 16
VisualStudioVersion = 16.0.31424.327
MinimumVisualStudioVersion = 10.0.40219.1
Project("{FAE04EC0-301F-11D3-BF4B-00C04F79EFBC}") = "ChangeHiperLink", "ChangeHiperLink\ChangeHiperLink.csproj", "{A9F9BF4F-9337-4CF2-8E7B-2AA29B72629F}"
EndProject
Global
	GlobalSection(SolutionConfigurationPlatforms) = preSolution
		Debug|Any CPU = Debug|Any CPU
		Release|Any CPU = Release|Any CPU
	EndGlobalSection
	GlobalSection(ProjectConfigurationPlatforms) = postSolution
		{A9F9BF4F-9337-4CF2-8E7B-2AA29B72629F}.Debug|Any CPU.ActiveCfg = Debug|Any CPU
		{A9F9BF4F-9337-4CF2-8E7B-2AA29B72629F}.Debug|Any CPU.Build.0 = Debug|Any CPU
		{A9F9BF4F-9337-4CF2-8E7B-2AA29B72629F}.Release|Any CPU.ActiveCfg = Release|Any CPU
		{A9F9BF4F-9337-4CF2-8E7B-2AA29B72629F}.Release|Any CPU.Build.0 = Release|Any CPU
	EndGlobalSection
	GlobalSection(SolutionProperties) = preSolution
		HideSolutionNode = FALSE
	EndGlobalSection
	GlobalSection(ExtensibilityGlobals) = postSolution
		SolutionGuid = {1745D06B-D0E3-4B45-AC5B-14643930B1E7}
	EndGlobalSection
EndGlobal
